
Microsoft Visual Studio Solution File, Format Version 12.00
# Visual Studio Version 17
VisualStudioVersion = 17.7.34031.279
MinimumVisualStudioVersion = 10.0.40219.1
Project("{FAE04EC0-301F-11D3-BF4B-00C04F79EFBC}") = "ConsoleApp2", "ConsoleApp2\ConsoleApp2.csproj", "{9B549C50-27AC-4A2D-A619-8B53F1F4560E}"
EndProject
Global
	GlobalSection(SolutionConfigurationPlatforms) = preSolution
		Debug|Any CPU = Debug|Any CPU
		Release|Any CPU = Release|Any CPU
	EndGlobalSection
	GlobalSection(ProjectConfigurationPlatforms) = postSolution
		{9B549C50-27AC-4A2D-A619-8B53F1F4560E}.Debug|Any CPU.ActiveCfg = Debug|Any CPU
		{9B549C50-27AC-4A2D-A619-8B53F1F4560E}.Debug|Any CPU.Build.0 = Debug|Any CPU
		{9B549C50-27AC-4A2D-A619-8B53F1F4560E}.Release|Any CPU.ActiveCfg = Release|Any CPU
		{9B549C50-27AC-4A2D-A619-8B53F1F4560E}.Release|Any CPU.Build.0 = Release|Any CPU
	EndGlobalSection
	GlobalSection(SolutionProperties) = preSolution
		HideSolutionNode = FALSE
	EndGlobalSection
	GlobalSection(ExtensibilityGlobals) = postSolution
		SolutionGuid = {BCB99D33-6076-4BF8-A74B-C167AA0DB391}
	EndGlobalSection
EndGlobal
